
Microsoft Visual Studio Solution File, Format Version 12.00
# Visual Studio Version 17
VisualStudioVersion = 17.14.36203.30
MinimumVisualStudioVersion = 10.0.40219.1
Project("{2150E333-8FDC-42A3-9474-1A3956D46DE8}") = "Services", "Services", "{02EA681E-C7D8-13C7-8484-4AC65E1B71E8}"
EndProject
Project("{2150E333-8FDC-42A3-9474-1A3956D46DE8}") = "Presentation", "Presentation", "{27A346D8-1D2C-4EE7-8288-44B6EAFDD1E3}"
EndProject
Project("{2150E333-8FDC-42A3-9474-1A3956D46DE8}") = "Shared", "Shared", "{0C598343-DF3B-4A93-8491-7B0F4C2343C4}"
EndProject
Project("{2150E333-8FDC-42A3-9474-1A3956D46DE8}") = "Business", "Business", "{644ABAB8-ED8F-4D55-B195-E2A48A5E06E2}"
EndProject
Project("{FAE04EC0-301F-11D3-BF4B-00C04F79EFBC}") = "Process", "Process\Process.csproj", "{513799AB-C5D7-426B-A9A7-FC658F6BFC49}"
EndProject
Project("{2150E333-8FDC-42A3-9474-1A3956D46DE8}") = "Data", "Data", "{AA014FDA-9F9A-47BE-A559-348EE9BE8220}"
EndProject
Project("{FAE04EC0-301F-11D3-BF4B-00C04F79EFBC}") = "Data", "Data\Data.csproj", "{58704575-8462-4D17-AB90-C5309C68BBB4}"
EndProject
Project("{FAE04EC0-301F-11D3-BF4B-00C04F79EFBC}") = "API", "Services\API\API.csproj", "{93CECDC0-1A24-24B3-DB16-2DBDB3B4E7C9}"
EndProject
Project("{FAE04EC0-301F-11D3-BF4B-00C04F79EFBC}") = "Entities", "Shared\Entities\Entities.csproj", "{1FE41DC7-E352-D273-BC74-2CCAF6CAB18C}"
EndProject
Project("{FAE04EC0-301F-11D3-BF4B-00C04F79EFBC}") = "Business", "Business\Business\Business.csproj", "{85549479-F3DE-4553-B784-7FD2785E3B36}"
EndProject
Project("{FAE04EC0-301F-11D3-BF4B-00C04F79EFBC}") = "WebMVC", "Presentation\WebMVC\WebMVC.csproj", "{A2AB76C4-8068-4B3E-E6FD-4872B57CEA68}"
EndProject
Global
	GlobalSection(SolutionConfigurationPlatforms) = preSolution
		Debug|Any CPU = Debug|Any CPU
		Release|Any CPU = Release|Any CPU
	EndGlobalSection
	GlobalSection(ProjectConfigurationPlatforms) = postSolution
		{FE67DFA1-54FB-458F-BBE2-5FD2EE875F84}.Debug|Any CPU.ActiveCfg = Debug|Any CPU
		{FE67DFA1-54FB-458F-BBE2-5FD2EE875F84}.Debug|Any CPU.Build.0 = Debug|Any CPU
		{FE67DFA1-54FB-458F-BBE2-5FD2EE875F84}.Release|Any CPU.ActiveCfg = Release|Any CPU
		{FE67DFA1-54FB-458F-BBE2-5FD2EE875F84}.Release|Any CPU.Build.0 = Release|Any CPU
		{CEF85343-5388-4405-8EAA-B5EA1B9A3098}.Debug|Any CPU.ActiveCfg = Debug|Any CPU
		{CEF85343-5388-4405-8EAA-B5EA1B9A3098}.Debug|Any CPU.Build.0 = Debug|Any CPU
		{CEF85343-5388-4405-8EAA-B5EA1B9A3098}.Release|Any CPU.ActiveCfg = Release|Any CPU
		{CEF85343-5388-4405-8EAA-B5EA1B9A3098}.Release|Any CPU.Build.0 = Release|Any CPU
		{C6A1182B-B0CC-4272-B145-69011187ED39}.Debug|Any CPU.ActiveCfg = Debug|Any CPU
		{C6A1182B-B0CC-4272-B145-69011187ED39}.Debug|Any CPU.Build.0 = Debug|Any CPU
		{C6A1182B-B0CC-4272-B145-69011187ED39}.Release|Any CPU.ActiveCfg = Release|Any CPU
		{C6A1182B-B0CC-4272-B145-69011187ED39}.Release|Any CPU.Build.0 = Release|Any CPU
		{513799AB-C5D7-426B-A9A7-FC658F6BFC49}.Debug|Any CPU.ActiveCfg = Debug|Any CPU
		{513799AB-C5D7-426B-A9A7-FC658F6BFC49}.Debug|Any CPU.Build.0 = Debug|Any CPU
		{513799AB-C5D7-426B-A9A7-FC658F6BFC49}.Release|Any CPU.ActiveCfg = Release|Any CPU
		{513799AB-C5D7-426B-A9A7-FC658F6BFC49}.Release|Any CPU.Build.0 = Release|Any CPU
		{58704575-8462-4D17-AB90-C5309C68BBB4}.Debug|Any CPU.ActiveCfg = Debug|Any CPU
		{58704575-8462-4D17-AB90-C5309C68BBB4}.Debug|Any CPU.Build.0 = Debug|Any CPU
		{58704575-8462-4D17-AB90-C5309C68BBB4}.Release|Any CPU.ActiveCfg = Release|Any CPU
		{58704575-8462-4D17-AB90-C5309C68BBB4}.Release|Any CPU.Build.0 = Release|Any CPU
		{93CECDC0-1A24-24B3-DB16-2DBDB3B4E7C9}.Debug|Any CPU.ActiveCfg = Debug|Any CPU
		{93CECDC0-1A24-24B3-DB16-2DBDB3B4E7C9}.Debug|Any CPU.Build.0 = Debug|Any CPU
		{93CECDC0-1A24-24B3-DB16-2DBDB3B4E7C9}.Release|Any CPU.ActiveCfg = Release|Any CPU
		{93CECDC0-1A24-24B3-DB16-2DBDB3B4E7C9}.Release|Any CPU.Build.0 = Release|Any CPU
		{1FE41DC7-E352-D273-BC74-2CCAF6CAB18C}.Debug|Any CPU.ActiveCfg = Debug|Any CPU
		{1FE41DC7-E352-D273-BC74-2CCAF6CAB18C}.Debug|Any CPU.Build.0 = Debug|Any CPU
		{1FE41DC7-E352-D273-BC74-2CCAF6CAB18C}.Release|Any CPU.ActiveCfg = Release|Any CPU
		{1FE41DC7-E352-D273-BC74-2CCAF6CAB18C}.Release|Any CPU.Build.0 = Release|Any CPU
		{85549479-F3DE-4553-B784-7FD2785E3B36}.Debug|Any CPU.ActiveCfg = Debug|Any CPU
		{85549479-F3DE-4553-B784-7FD2785E3B36}.Debug|Any CPU.Build.0 = Debug|Any CPU
		{85549479-F3DE-4553-B784-7FD2785E3B36}.Release|Any CPU.ActiveCfg = Release|Any CPU
		{85549479-F3DE-4553-B784-7FD2785E3B36}.Release|Any CPU.Build.0 = Release|Any CPU
		{A2AB76C4-8068-4B3E-E6FD-4872B57CEA68}.Debug|Any CPU.ActiveCfg = Debug|Any CPU
		{A2AB76C4-8068-4B3E-E6FD-4872B57CEA68}.Debug|Any CPU.Build.0 = Debug|Any CPU
		{A2AB76C4-8068-4B3E-E6FD-4872B57CEA68}.Release|Any CPU.ActiveCfg = Release|Any CPU
		{A2AB76C4-8068-4B3E-E6FD-4872B57CEA68}.Release|Any CPU.Build.0 = Release|Any CPU
	EndGlobalSection
	GlobalSection(SolutionProperties) = preSolution
		HideSolutionNode = FALSE
	EndGlobalSection
	GlobalSection(NestedProjects) = preSolution
		{513799AB-C5D7-426B-A9A7-FC658F6BFC49} = {27A346D8-1D2C-4EE7-8288-44B6EAFDD1E3}
		{58704575-8462-4D17-AB90-C5309C68BBB4} = {AA014FDA-9F9A-47BE-A559-348EE9BE8220}
		{93CECDC0-1A24-24B3-DB16-2DBDB3B4E7C9} = {02EA681E-C7D8-13C7-8484-4AC65E1B71E8}
		{1FE41DC7-E352-D273-BC74-2CCAF6CAB18C} = {0C598343-DF3B-4A93-8491-7B0F4C2343C4}
		{85549479-F3DE-4553-B784-7FD2785E3B36} = {644ABAB8-ED8F-4D55-B195-E2A48A5E06E2}
		{A2AB76C4-8068-4B3E-E6FD-4872B57CEA68} = {27A346D8-1D2C-4EE7-8288-44B6EAFDD1E3}
	EndGlobalSection
	GlobalSection(ExtensibilityGlobals) = postSolution
		SolutionGuid = {FC2D7BA7-0FC7-4193-B1EB-A5765ED1AD72}
	EndGlobalSection
EndGlobal
